
Microsoft Visual Studio Solution File, Format Version 12.00
# Visual Studio 15
VisualStudioVersion = 15.0.26730.10
MinimumVisualStudioVersion = 10.0.40219.1
Project("{FAE04EC0-301F-11D3-BF4B-00C04F79EFBC}") = "Battleship", "Battleship\Battleship.csproj", "{F5432C5D-CBEE-4CD2-9091-3C6102011F56}"
EndProject
Project("{FAE04EC0-301F-11D3-BF4B-00C04F79EFBC}") = "Battleship.Core", "Battleship.Core\Battleship.Core.csproj", "{22B1601D-2E9A-40C8-9A5C-B362CF5D5BCB}"
EndProject
Project("{FAE04EC0-301F-11D3-BF4B-00C04F79EFBC}") = "Battleship.Core.Tests", "Battleship.Core.Tests\Battleship.Core.Tests.csproj", "{1C514553-C299-4717-BDA8-4DB2BB8244F0}"
EndProject
Project("{FAE04EC0-301F-11D3-BF4B-00C04F79EFBC}") = "Battleship.E2E.Tests", "Battleship.E2E.Tests\Battleship.E2E.Tests.csproj", "{10658C8B-23C2-4245-A0B4-2923A4EEC7CF}"
EndProject
Global
	GlobalSection(SolutionConfigurationPlatforms) = preSolution
		Debug|Any CPU = Debug|Any CPU
		Release|Any CPU = Release|Any CPU
	EndGlobalSection
	GlobalSection(ProjectConfigurationPlatforms) = postSolution
		{F5432C5D-CBEE-4CD2-9091-3C6102011F56}.Debug|Any CPU.ActiveCfg = Debug|Any CPU
		{F5432C5D-CBEE-4CD2-9091-3C6102011F56}.Debug|Any CPU.Build.0 = Debug|Any CPU
		{F5432C5D-CBEE-4CD2-9091-3C6102011F56}.Release|Any CPU.ActiveCfg = Release|Any CPU
		{F5432C5D-CBEE-4CD2-9091-3C6102011F56}.Release|Any CPU.Build.0 = Release|Any CPU
		{22B1601D-2E9A-40C8-9A5C-B362CF5D5BCB}.Debug|Any CPU.ActiveCfg = Debug|Any CPU
		{22B1601D-2E9A-40C8-9A5C-B362CF5D5BCB}.Debug|Any CPU.Build.0 = Debug|Any CPU
		{22B1601D-2E9A-40C8-9A5C-B362CF5D5BCB}.Release|Any CPU.ActiveCfg = Release|Any CPU
		{22B1601D-2E9A-40C8-9A5C-B362CF5D5BCB}.Release|Any CPU.Build.0 = Release|Any CPU
		{1C514553-C299-4717-BDA8-4DB2BB8244F0}.Debug|Any CPU.ActiveCfg = Debug|Any CPU
		{1C514553-C299-4717-BDA8-4DB2BB8244F0}.Debug|Any CPU.Build.0 = Debug|Any CPU
		{1C514553-C299-4717-BDA8-4DB2BB8244F0}.Release|Any CPU.ActiveCfg = Release|Any CPU
		{1C514553-C299-4717-BDA8-4DB2BB8244F0}.Release|Any CPU.Build.0 = Release|Any CPU
		{10658C8B-23C2-4245-A0B4-2923A4EEC7CF}.Debug|Any CPU.ActiveCfg = Debug|Any CPU
		{10658C8B-23C2-4245-A0B4-2923A4EEC7CF}.Debug|Any CPU.Build.0 = Debug|Any CPU
		{10658C8B-23C2-4245-A0B4-2923A4EEC7CF}.Release|Any CPU.ActiveCfg = Release|Any CPU
		{10658C8B-23C2-4245-A0B4-2923A4EEC7CF}.Release|Any CPU.Build.0 = Release|Any CPU
	EndGlobalSection
	GlobalSection(SolutionProperties) = preSolution
		HideSolutionNode = FALSE
	EndGlobalSection
	GlobalSection(ExtensibilityGlobals) = postSolution
		SolutionGuid = {7CB82769-135B-4F5B-AC20-DC6F18B35462}
	EndGlobalSection
EndGlobal
